{
  "name": "Minesweeper NEONWAAC",
  "lockfileVersion": 3,
  "requires": true,
  "packages": {
    "": {
      "dependencies": {
        "xp.css": "^0.2.6"
      }
    },
    "node_modules/xp.css": {
      "version": "0.2.6",
      "resolved": "https://registry.npmjs.org/xp.css/-/xp.css-0.2.6.tgz",
      "integrity": "sha512-v0qUB4wOvyXIMLNid5bIpm+0n5aL4i8wE5dqJH8LNVxE04PxUUxjwf2rNzengegUIK03XC4vbfLVCPAfMLtuqA=="
    }
  }
}
